
Microsoft Visual Studio Solution File, Format Version 11.00
# Visual Studio 2010
Project("{FAE04EC0-301F-11D3-BF4B-00C04F79EFBC}") = "Assembly-CSharp", "Assembly-CSharp.csproj", "{14d37ea3-5859-f441-3bfa-cd793cada6ca}"
EndProject
Project("{FAE04EC0-301F-11D3-BF4B-00C04F79EFBC}") = "UniRx", "UniRx.csproj", "{b3893691-39b6-109b-e779-4a87f98340b9}"
EndProject
Project("{FAE04EC0-301F-11D3-BF4B-00C04F79EFBC}") = "UniRx.Examples", "UniRx.Examples.csproj", "{c8f5934d-a823-eaf9-009c-f297d14ce4e5}"
EndProject
Project("{FAE04EC0-301F-11D3-BF4B-00C04F79EFBC}") = "DOTweenPro.Scripts", "DOTweenPro.Scripts.csproj", "{07364218-0eb8-4fc4-e2a6-070efbe8b7a9}"
EndProject
Project("{FAE04EC0-301F-11D3-BF4B-00C04F79EFBC}") = "DraftMode", "DraftMode.csproj", "{e25606a8-4225-447a-3420-f3885ba39ebc}"
EndProject
Project("{FAE04EC0-301F-11D3-BF4B-00C04F79EFBC}") = "DOTween.Modules", "DOTween.Modules.csproj", "{c4c6fd12-1950-f9a1-3d13-f20359db5948}"
EndProject
Project("{FAE04EC0-301F-11D3-BF4B-00C04F79EFBC}") = "Sirenix.OdinInspector.CompatibilityLayer", "Sirenix.OdinInspector.CompatibilityLayer.csproj", "{6c6babb8-67e6-0b8f-41fc-05e193a3a5c4}"
EndProject
Project("{FAE04EC0-301F-11D3-BF4B-00C04F79EFBC}") = "Sirenix.OdinInspector.CompatibilityLayer.Editor", "Sirenix.OdinInspector.CompatibilityLayer.Editor.csproj", "{95f39ab6-05ea-f59f-9ad5-31d18376a4c0}"
EndProject
Project("{FAE04EC0-301F-11D3-BF4B-00C04F79EFBC}") = "DOTweenPro.EditorScripts", "DOTweenPro.EditorScripts.csproj", "{19ccfc44-c9ae-7ad6-8ca7-6e8984311cdd}"
EndProject
Global
	GlobalSection(SolutionConfigurationPlatforms) = preSolution
		Debug|Any CPU = Debug|Any CPU
	EndGlobalSection
	GlobalSection(ProjectConfigurationPlatforms) = postSolution
		{14d37ea3-5859-f441-3bfa-cd793cada6ca}.Debug|Any CPU.ActiveCfg = Debug|Any CPU
		{14d37ea3-5859-f441-3bfa-cd793cada6ca}.Debug|Any CPU.Build.0 = Debug|Any CPU
		{b3893691-39b6-109b-e779-4a87f98340b9}.Debug|Any CPU.ActiveCfg = Debug|Any CPU
		{b3893691-39b6-109b-e779-4a87f98340b9}.Debug|Any CPU.Build.0 = Debug|Any CPU
		{c8f5934d-a823-eaf9-009c-f297d14ce4e5}.Debug|Any CPU.ActiveCfg = Debug|Any CPU
		{c8f5934d-a823-eaf9-009c-f297d14ce4e5}.Debug|Any CPU.Build.0 = Debug|Any CPU
		{07364218-0eb8-4fc4-e2a6-070efbe8b7a9}.Debug|Any CPU.ActiveCfg = Debug|Any CPU
		{07364218-0eb8-4fc4-e2a6-070efbe8b7a9}.Debug|Any CPU.Build.0 = Debug|Any CPU
		{e25606a8-4225-447a-3420-f3885ba39ebc}.Debug|Any CPU.ActiveCfg = Debug|Any CPU
		{e25606a8-4225-447a-3420-f3885ba39ebc}.Debug|Any CPU.Build.0 = Debug|Any CPU
		{c4c6fd12-1950-f9a1-3d13-f20359db5948}.Debug|Any CPU.ActiveCfg = Debug|Any CPU
		{c4c6fd12-1950-f9a1-3d13-f20359db5948}.Debug|Any CPU.Build.0 = Debug|Any CPU
		{6c6babb8-67e6-0b8f-41fc-05e193a3a5c4}.Debug|Any CPU.ActiveCfg = Debug|Any CPU
		{6c6babb8-67e6-0b8f-41fc-05e193a3a5c4}.Debug|Any CPU.Build.0 = Debug|Any CPU
		{95f39ab6-05ea-f59f-9ad5-31d18376a4c0}.Debug|Any CPU.ActiveCfg = Debug|Any CPU
		{95f39ab6-05ea-f59f-9ad5-31d18376a4c0}.Debug|Any CPU.Build.0 = Debug|Any CPU
		{19ccfc44-c9ae-7ad6-8ca7-6e8984311cdd}.Debug|Any CPU.ActiveCfg = Debug|Any CPU
		{19ccfc44-c9ae-7ad6-8ca7-6e8984311cdd}.Debug|Any CPU.Build.0 = Debug|Any CPU
	EndGlobalSection
	GlobalSection(SolutionProperties) = preSolution
		HideSolutionNode = FALSE
	EndGlobalSection
EndGlobal
